
Microsoft Visual Studio Solution File, Format Version 12.00
# Visual Studio Version 17
VisualStudioVersion = 17.7.34009.444
MinimumVisualStudioVersion = 10.0.40219.1
Project("{9A19103F-16F7-4668-BE54-9A1E7A4F7556}") = "LearningApp", "LearningApp.csproj", "{02CA81ED-680D-428A-8269-E6878AA10E2F}"
EndProject
Project("{2150E333-8FDC-42A3-9474-1A3956D46DE8}") = "Solution Items", "Solution Items", "{14AC500A-88C7-420C-8FFA-9C95AE05EDE4}"
	ProjectSection(SolutionItems) = preProject
		.editorconfig = .editorconfig
	EndProjectSection
EndProject
Global
	GlobalSection(SolutionConfigurationPlatforms) = preSolution
		Debug|Any CPU = Debug|Any CPU
		Release|Any CPU = Release|Any CPU
	EndGlobalSection
	GlobalSection(ProjectConfigurationPlatforms) = postSolution
		{02CA81ED-680D-428A-8269-E6878AA10E2F}.Debug|Any CPU.ActiveCfg = Debug|Any CPU
		{02CA81ED-680D-428A-8269-E6878AA10E2F}.Debug|Any CPU.Build.0 = Debug|Any CPU
		{02CA81ED-680D-428A-8269-E6878AA10E2F}.Release|Any CPU.ActiveCfg = Release|Any CPU
		{02CA81ED-680D-428A-8269-E6878AA10E2F}.Release|Any CPU.Build.0 = Release|Any CPU
	EndGlobalSection
	GlobalSection(SolutionProperties) = preSolution
		HideSolutionNode = FALSE
	EndGlobalSection
	GlobalSection(ExtensibilityGlobals) = postSolution
		SolutionGuid = {DBAA2542-9587-4448-900C-61298D54E6DB}
	EndGlobalSection
EndGlobal
